{
    "version": 3,
    "terraform_version": "0.10.8",
    "serial": 5,
    "lineage": "981c23ab-a349-427e-8be8-4426de966beb",
    "modules": [
        {
            "path": [
                "root"
            ],
            "outputs": {},
            "resources": {
                "aws_eip.jenkins-eip": {
                    "type": "aws_eip",
                    "depends_on": [
                        "aws_instance.jenkins"
                    ],
                    "primary": {
                        "id": "eipalloc-861857b3",
                        "attributes": {
                            "association_id": "eipassoc-f01e04c7",
                            "domain": "vpc",
                            "id": "eipalloc-861857b3",
                            "instance": "i-02d9992952dd5f6a7",
                            "network_interface": "eni-3d496284",
                            "private_ip": "10.0.1.8",
                            "public_ip": "34.234.127.68",
                            "vpc": "true"
                        },
                        "meta": {},
                        "tainted": false
                    },
                    "deposed": [],
                    "provider": ""
                },
                "aws_instance.ansible": {
                    "type": "aws_instance",
                    "depends_on": [
                        "aws_security_group.allow_from_home",
                        "aws_subnet.public1"
                    ],
                    "primary": {
                        "id": "i-01a520aaefcf33125",
                        "attributes": {
                            "ami": "ami-258a265f",
                            "associate_public_ip_address": "true",
                            "availability_zone": "us-east-1e",
                            "disable_api_termination": "false",
                            "ebs_block_device.#": "0",
                            "ebs_optimized": "false",
                            "ephemeral_block_device.#": "0",
                            "iam_instance_profile": "",
                            "id": "i-01a520aaefcf33125",
                            "instance_state": "running",
                            "instance_type": "t2.micro",
                            "ipv6_addresses.#": "0",
                            "key_name": "devops-lab",
                            "monitoring": "false",
                            "network_interface.#": "0",
                            "network_interface_id": "eni-ce426977",
                            "primary_network_interface_id": "eni-ce426977",
                            "private_dns": "ip-10-0-1-224.ec2.internal",
                            "private_ip": "10.0.1.224",
                            "public_dns": "",
                            "public_ip": "52.91.135.118",
                            "root_block_device.#": "1",
                            "root_block_device.0.delete_on_termination": "true",
                            "root_block_device.0.iops": "100",
                            "root_block_device.0.volume_size": "8",
                            "root_block_device.0.volume_type": "gp2",
                            "security_groups.#": "0",
                            "source_dest_check": "true",
                            "subnet_id": "subnet-1943e126",
                            "tags.%": "1",
                            "tags.Name": "ansible-lab",
                            "tenancy": "default",
                            "volume_tags.%": "0",
                            "vpc_security_group_ids.#": "1",
                            "vpc_security_group_ids.894368036": "sg-488ed63a"
                        },
                        "meta": {
                            "e2bfb730-ecaa-11e6-8f88-34363bc7c4c0": {
                                "create": 600000000000,
                                "delete": 600000000000,
                                "update": 600000000000
                            },
                            "schema_version": "1"
                        },
                        "tainted": false
                    },
                    "deposed": [],
                    "provider": ""
                },
                "aws_instance.jenkins": {
                    "type": "aws_instance",
                    "depends_on": [
                        "aws_security_group.allow_from_home",
                        "aws_subnet.public1"
                    ],
                    "primary": {
                        "id": "i-02d9992952dd5f6a7",
                        "attributes": {
                            "ami": "ami-258a265f",
                            "associate_public_ip_address": "true",
                            "availability_zone": "us-east-1e",
                            "disable_api_termination": "false",
                            "ebs_block_device.#": "0",
                            "ebs_optimized": "false",
                            "ephemeral_block_device.#": "0",
                            "iam_instance_profile": "",
                            "id": "i-02d9992952dd5f6a7",
                            "instance_state": "running",
                            "instance_type": "t2.micro",
                            "ipv6_addresses.#": "0",
                            "key_name": "devops-lab",
                            "monitoring": "false",
                            "network_interface.#": "0",
                            "network_interface_id": "eni-3d496284",
                            "primary_network_interface_id": "eni-3d496284",
                            "private_dns": "ip-10-0-1-8.ec2.internal",
                            "private_ip": "10.0.1.8",
                            "public_dns": "",
                            "public_ip": "34.234.127.68",
                            "root_block_device.#": "1",
                            "root_block_device.0.delete_on_termination": "true",
                            "root_block_device.0.iops": "100",
                            "root_block_device.0.volume_size": "8",
                            "root_block_device.0.volume_type": "gp2",
                            "security_groups.#": "0",
                            "source_dest_check": "true",
                            "subnet_id": "subnet-1943e126",
                            "tags.%": "1",
                            "tags.Name": "jenkins-lab",
                            "tenancy": "default",
                            "volume_tags.%": "0",
                            "vpc_security_group_ids.#": "1",
                            "vpc_security_group_ids.894368036": "sg-488ed63a"
                        },
                        "meta": {
                            "e2bfb730-ecaa-11e6-8f88-34363bc7c4c0": {
                                "create": 600000000000,
                                "delete": 600000000000,
                                "update": 600000000000
                            },
                            "schema_version": "1"
                        },
                        "tainted": false
                    },
                    "deposed": [],
                    "provider": ""
                },
                "aws_internet_gateway.igw": {
                    "type": "aws_internet_gateway",
                    "depends_on": [
                        "aws_vpc.devops-lab"
                    ],
                    "primary": {
                        "id": "igw-e47ecf9d",
                        "attributes": {
                            "id": "igw-e47ecf9d",
                            "tags.%": "1",
                            "tags.Name": "devops-lab-igw",
                            "vpc_id": "vpc-8b45e8f3"
                        },
                        "meta": {},
                        "tainted": false
                    },
                    "deposed": [],
                    "provider": ""
                },
                "aws_route53_record.jenkins": {
                    "type": "aws_route53_record",
                    "depends_on": [
                        "aws_instance.jenkins",
                        "data.aws_route53_zone.brunopadz"
                    ],
                    "primary": {
                        "id": "Z2NXS190204DHN_jenkins.brunopadz.com_A",
                        "attributes": {
                            "fqdn": "jenkins.brunopadz.com",
                            "health_check_id": "",
                            "id": "Z2NXS190204DHN_jenkins.brunopadz.com_A",
                            "name": "jenkins.brunopadz.com",
                            "records.#": "1",
                            "records.2034983530": "34.234.127.68",
                            "set_identifier": "",
                            "ttl": "300",
                            "type": "A",
                            "zone_id": "Z2NXS190204DHN"
                        },
                        "meta": {
                            "schema_version": "2"
                        },
                        "tainted": false
                    },
                    "deposed": [],
                    "provider": ""
                },
                "aws_route_table.rt-lab": {
                    "type": "aws_route_table",
                    "depends_on": [
                        "aws_internet_gateway.igw",
                        "aws_vpc.devops-lab"
                    ],
                    "primary": {
                        "id": "rtb-30bafa4a",
                        "attributes": {
                            "id": "rtb-30bafa4a",
                            "propagating_vgws.#": "0",
                            "route.#": "1",
                            "route.3830431803.cidr_block": "0.0.0.0/0",
                            "route.3830431803.egress_only_gateway_id": "",
                            "route.3830431803.gateway_id": "igw-e47ecf9d",
                            "route.3830431803.instance_id": "",
                            "route.3830431803.ipv6_cidr_block": "",
                            "route.3830431803.nat_gateway_id": "",
                            "route.3830431803.network_interface_id": "",
                            "route.3830431803.vpc_peering_connection_id": "",
                            "tags.%": "1",
                            "tags.Name": "devops-lab-rt-out",
                            "vpc_id": "vpc-8b45e8f3"
                        },
                        "meta": {},
                        "tainted": false
                    },
                    "deposed": [],
                    "provider": ""
                },
                "aws_route_table_association.public1_a": {
                    "type": "aws_route_table_association",
                    "depends_on": [
                        "aws_route_table.rt-lab",
                        "aws_subnet.public1"
                    ],
                    "primary": {
                        "id": "rtbassoc-fb45ee86",
                        "attributes": {
                            "id": "rtbassoc-fb45ee86",
                            "route_table_id": "rtb-30bafa4a",
                            "subnet_id": "subnet-1943e126"
                        },
                        "meta": {},
                        "tainted": false
                    },
                    "deposed": [],
                    "provider": ""
                },
                "aws_security_group.allow_from_home": {
                    "type": "aws_security_group",
                    "depends_on": [
                        "aws_vpc.devops-lab"
                    ],
                    "primary": {
                        "id": "sg-488ed63a",
                        "attributes": {
                            "description": "allow connections from home",
                            "egress.#": "1",
                            "egress.482069346.cidr_blocks.#": "1",
                            "egress.482069346.cidr_blocks.0": "0.0.0.0/0",
                            "egress.482069346.description": "",
                            "egress.482069346.from_port": "0",
                            "egress.482069346.ipv6_cidr_blocks.#": "0",
                            "egress.482069346.prefix_list_ids.#": "0",
                            "egress.482069346.protocol": "-1",
                            "egress.482069346.security_groups.#": "0",
                            "egress.482069346.self": "false",
                            "egress.482069346.to_port": "0",
                            "id": "sg-488ed63a",
                            "ingress.#": "1",
                            "ingress.2444361034.cidr_blocks.#": "1",
                            "ingress.2444361034.cidr_blocks.0": "179.111.8.17/32",
                            "ingress.2444361034.description": "",
                            "ingress.2444361034.from_port": "0",
                            "ingress.2444361034.ipv6_cidr_blocks.#": "0",
                            "ingress.2444361034.protocol": "-1",
                            "ingress.2444361034.security_groups.#": "0",
                            "ingress.2444361034.self": "false",
                            "ingress.2444361034.to_port": "0",
                            "name": "allow_from_home",
                            "owner_id": "908245106321",
                            "tags.%": "1",
                            "tags.Name": "allow_from_home",
                            "vpc_id": "vpc-8b45e8f3"
                        },
                        "meta": {},
                        "tainted": false
                    },
                    "deposed": [],
                    "provider": ""
                },
                "aws_subnet.private1": {
                    "type": "aws_subnet",
                    "depends_on": [
                        "aws_vpc.devops-lab"
                    ],
                    "primary": {
                        "id": "subnet-5f0abd14",
                        "attributes": {
                            "assign_ipv6_address_on_creation": "false",
                            "availability_zone": "us-east-1c",
                            "cidr_block": "10.0.2.0/24",
                            "id": "subnet-5f0abd14",
                            "map_public_ip_on_launch": "false",
                            "tags.%": "0",
                            "vpc_id": "vpc-8b45e8f3"
                        },
                        "meta": {
                            "schema_version": "1"
                        },
                        "tainted": false
                    },
                    "deposed": [],
                    "provider": ""
                },
                "aws_subnet.public1": {
                    "type": "aws_subnet",
                    "depends_on": [
                        "aws_vpc.devops-lab"
                    ],
                    "primary": {
                        "id": "subnet-1943e126",
                        "attributes": {
                            "assign_ipv6_address_on_creation": "false",
                            "availability_zone": "us-east-1e",
                            "cidr_block": "10.0.1.0/24",
                            "id": "subnet-1943e126",
                            "map_public_ip_on_launch": "true",
                            "tags.%": "0",
                            "vpc_id": "vpc-8b45e8f3"
                        },
                        "meta": {
                            "schema_version": "1"
                        },
                        "tainted": false
                    },
                    "deposed": [],
                    "provider": ""
                },
                "aws_vpc.devops-lab": {
                    "type": "aws_vpc",
                    "depends_on": [],
                    "primary": {
                        "id": "vpc-8b45e8f3",
                        "attributes": {
                            "assign_generated_ipv6_cidr_block": "false",
                            "cidr_block": "10.0.0.0/16",
                            "default_network_acl_id": "acl-907c5ce8",
                            "default_route_table_id": "rtb-943a7aee",
                            "default_security_group_id": "sg-578ed625",
                            "dhcp_options_id": "dopt-388c665c",
                            "enable_classiclink": "false",
                            "enable_classiclink_dns_support": "false",
                            "enable_dns_hostnames": "false",
                            "enable_dns_support": "true",
                            "id": "vpc-8b45e8f3",
                            "instance_tenancy": "default",
                            "main_route_table_id": "rtb-943a7aee",
                            "tags.%": "1",
                            "tags.Name": "devops-lab-vpc"
                        },
                        "meta": {
                            "schema_version": "1"
                        },
                        "tainted": false
                    },
                    "deposed": [],
                    "provider": ""
                },
                "data.aws_route53_zone.brunopadz": {
                    "type": "aws_route53_zone",
                    "depends_on": [],
                    "primary": {
                        "id": "Z2NXS190204DHN",
                        "attributes": {
                            "caller_reference": "62621FB9-036F-DB63-B78D-2AF4F0928D7D",
                            "comment": "",
                            "id": "Z2NXS190204DHN",
                            "name": "brunopadz.com.",
                            "private_zone": "false",
                            "resource_record_set_count": "5",
                            "zone_id": "Z2NXS190204DHN"
                        },
                        "meta": {},
                        "tainted": false
                    },
                    "deposed": [],
                    "provider": ""
                }
            },
            "depends_on": []
        }
    ]
}
